{
  "name": "sightline",
  "version": "0.1.0",
  "lockfileVersion": 3,
  "requires": true,
  "packages": {
    "": {
      "name": "sightline",
      "version": "0.1.0",
      "license": "UNLICENSED",
      "bin": {
        "sightline": "bin/sightline.js"
      },
      "devDependencies": {
        "@alexpower/rig": "file:../Rig"
      },
      "engines": {
        "node": ">=22"
      }
    },
    "../Rig": {
      "name": "@alexpower/rig",
      "version": "0.1.0",
      "dev": true,
      "license": "MIT",
      "bin": {
        "rig": "bin/rig.js"
      },
      "engines": {
        "node": ">=22"
      }
    },
    "node_modules/@alexpower/rig": {
      "resolved": "../Rig",
      "link": true
    }
  }
}
